
Microsoft Visual Studio Solution File, Format Version 12.00
# Visual Studio Version 17
VisualStudioVersion = 17.5.002.0
MinimumVisualStudioVersion = 10.0.40219.1
Project("{2150E333-8FDC-42A3-9474-1A3956D46DE8}") = "apps", "apps", "{DE29509F-B206-473C-8286-B651488F6AB2}"
EndProject
Project("{9A19103F-16F7-4668-BE54-9A1E7A4F7556}") = "DigitalSkyServer", "apps\DigitalSkyServer\DigitalSkyServer.csproj", "{30F29159-D896-4DD6-A48D-09CD37F0DF38}"
EndProject
Global
	GlobalSection(SolutionConfigurationPlatforms) = preSolution
		Debug|Any CPU = Debug|Any CPU
		Release|Any CPU = Release|Any CPU
	EndGlobalSection
	GlobalSection(ProjectConfigurationPlatforms) = postSolution
		{30F29159-D896-4DD6-A48D-09CD37F0DF38}.Debug|Any CPU.ActiveCfg = Debug|Any CPU
		{30F29159-D896-4DD6-A48D-09CD37F0DF38}.Debug|Any CPU.Build.0 = Debug|Any CPU
		{30F29159-D896-4DD6-A48D-09CD37F0DF38}.Release|Any CPU.ActiveCfg = Release|Any CPU
		{30F29159-D896-4DD6-A48D-09CD37F0DF38}.Release|Any CPU.Build.0 = Release|Any CPU
	EndGlobalSection
	GlobalSection(SolutionProperties) = preSolution
		HideSolutionNode = FALSE
	EndGlobalSection
	GlobalSection(NestedProjects) = preSolution
		{30F29159-D896-4DD6-A48D-09CD37F0DF38} = {DE29509F-B206-473C-8286-B651488F6AB2}
	EndGlobalSection
	GlobalSection(ExtensibilityGlobals) = postSolution
		SolutionGuid = {33136E07-5FF0-419C-AC58-3EDA908C4569}
	EndGlobalSection
EndGlobal
