
Microsoft Visual Studio Solution File, Format Version 12.00
# Visual Studio Version 17
VisualStudioVersion = 17.5.002.0
MinimumVisualStudioVersion = 10.0.40219.1
Project("{9A19103F-16F7-4668-BE54-9A1E7A4F7556}") = "DigitalSkyServer", "DigitalSkyServer.csproj", "{0E633D95-88F6-473C-82BD-EE4626630EFC}"
EndProject
Global
	GlobalSection(SolutionConfigurationPlatforms) = preSolution
		Debug|Any CPU = Debug|Any CPU
		Release|Any CPU = Release|Any CPU
	EndGlobalSection
	GlobalSection(ProjectConfigurationPlatforms) = postSolution
		{0E633D95-88F6-473C-82BD-EE4626630EFC}.Debug|Any CPU.ActiveCfg = Debug|Any CPU
		{0E633D95-88F6-473C-82BD-EE4626630EFC}.Debug|Any CPU.Build.0 = Debug|Any CPU
		{0E633D95-88F6-473C-82BD-EE4626630EFC}.Release|Any CPU.ActiveCfg = Release|Any CPU
		{0E633D95-88F6-473C-82BD-EE4626630EFC}.Release|Any CPU.Build.0 = Release|Any CPU
	EndGlobalSection
	GlobalSection(SolutionProperties) = preSolution
		HideSolutionNode = FALSE
	EndGlobalSection
	GlobalSection(ExtensibilityGlobals) = postSolution
		SolutionGuid = {46E92A83-F280-49DE-B32A-CF61A071AAF6}
	EndGlobalSection
EndGlobal
